
Microsoft Visual Studio Solution File, Format Version 12.00
# Visual Studio Version 17
VisualStudioVersion = 17.0.31903.59
MinimumVisualStudioVersion = 10.0.40219.1
Project("{FAE04EC0-301F-11D3-BF4B-00C04F79EFBC}") = "HashimX.CoolMath.Console", "HashimX.CoolMath.Console\HashimX.CoolMath.Console.csproj", "{4369A93E-D998-4A97-A3C7-F39A27F6BC71}"
EndProject
Project("{FAE04EC0-301F-11D3-BF4B-00C04F79EFBC}") = "HashimX.CoolMath.Library", "HashimX.CoolMath.Library\HashimX.CoolMath.Library.csproj", "{B0BFF25C-902C-4DB4-9010-DC6227A530D3}"
EndProject
Global
	GlobalSection(SolutionConfigurationPlatforms) = preSolution
		Debug|Any CPU = Debug|Any CPU
		Release|Any CPU = Release|Any CPU
	EndGlobalSection
	GlobalSection(SolutionProperties) = preSolution
		HideSolutionNode = FALSE
	EndGlobalSection
	GlobalSection(ProjectConfigurationPlatforms) = postSolution
		{4369A93E-D998-4A97-A3C7-F39A27F6BC71}.Debug|Any CPU.ActiveCfg = Debug|Any CPU
		{4369A93E-D998-4A97-A3C7-F39A27F6BC71}.Debug|Any CPU.Build.0 = Debug|Any CPU
		{4369A93E-D998-4A97-A3C7-F39A27F6BC71}.Release|Any CPU.ActiveCfg = Release|Any CPU
		{4369A93E-D998-4A97-A3C7-F39A27F6BC71}.Release|Any CPU.Build.0 = Release|Any CPU
		{B0BFF25C-902C-4DB4-9010-DC6227A530D3}.Debug|Any CPU.ActiveCfg = Debug|Any CPU
		{B0BFF25C-902C-4DB4-9010-DC6227A530D3}.Debug|Any CPU.Build.0 = Debug|Any CPU
		{B0BFF25C-902C-4DB4-9010-DC6227A530D3}.Release|Any CPU.ActiveCfg = Release|Any CPU
		{B0BFF25C-902C-4DB4-9010-DC6227A530D3}.Release|Any CPU.Build.0 = Release|Any CPU
	EndGlobalSection
EndGlobal
